
Microsoft Visual Studio Solution File, Format Version 12.00
# Visual Studio 2013
VisualStudioVersion = 12.0.31101.0
MinimumVisualStudioVersion = 10.0.40219.1
Project("{FAE04EC0-301F-11D3-BF4B-00C04F79EFBC}") = "XdtTransform", "XdtTransform\XdtTransform.csproj", "{EDA66C2A-3843-45D5-A3C7-DC838D4685EF}"
EndProject
Project("{FAE04EC0-301F-11D3-BF4B-00C04F79EFBC}") = "XdtTransform.Tests", "XdtTransform.Tests\XdtTransform.Tests.csproj", "{1F999D1C-224F-4DB5-B2C7-8AEC2D0C738B}"
EndProject
Global
	GlobalSection(SolutionConfigurationPlatforms) = preSolution
		Debug|Any CPU = Debug|Any CPU
		Release|Any CPU = Release|Any CPU
	EndGlobalSection
	GlobalSection(ProjectConfigurationPlatforms) = postSolution
		{EDA66C2A-3843-45D5-A3C7-DC838D4685EF}.Debug|Any CPU.ActiveCfg = Debug|Any CPU
		{EDA66C2A-3843-45D5-A3C7-DC838D4685EF}.Debug|Any CPU.Build.0 = Debug|Any CPU
		{EDA66C2A-3843-45D5-A3C7-DC838D4685EF}.Release|Any CPU.ActiveCfg = Release|Any CPU
		{EDA66C2A-3843-45D5-A3C7-DC838D4685EF}.Release|Any CPU.Build.0 = Release|Any CPU
		{1F999D1C-224F-4DB5-B2C7-8AEC2D0C738B}.Debug|Any CPU.ActiveCfg = Debug|Any CPU
		{1F999D1C-224F-4DB5-B2C7-8AEC2D0C738B}.Debug|Any CPU.Build.0 = Debug|Any CPU
		{1F999D1C-224F-4DB5-B2C7-8AEC2D0C738B}.Release|Any CPU.ActiveCfg = Release|Any CPU
		{1F999D1C-224F-4DB5-B2C7-8AEC2D0C738B}.Release|Any CPU.Build.0 = Release|Any CPU
	EndGlobalSection
	GlobalSection(SolutionProperties) = preSolution
		HideSolutionNode = FALSE
	EndGlobalSection
EndGlobal
